// !$*UTF8*$!
{
	archiveVersion = 1;
	classes = {
	};
	objectVersion = 46;
	objects = {

/* Begin PBXBuildFile section */
		3449AD15F7D386B8B9120EFB /* libPods.a in Frameworks */ = {isa = PBXBuildFile; fileRef = DF6D3FC74FB8A87B637F99AF /* libPods.a */; };
		640560971B389D3700CE2950 /* TransparentViewController.m in Sources */ = {isa = PBXBuildFile; fileRef = 640560961B389D3700CE2950 /* TransparentViewController.m */; };
		643ED5A31B3329A2004663AF /* main.m in Sources */ = {isa = PBXBuildFile; fileRef = 643ED5A21B3329A2004663AF /* main.m */; };
		643ED5A61B3329A2004663AF /* AppDelegate.m in Sources */ = {isa = PBXBuildFile; fileRef = 643ED5A51B3329A2004663AF /* AppDelegate.m */; };
		643ED5A91B3329A2004663AF /* ViewController.m in Sources */ = {isa = PBXBuildFile; fileRef = 643ED5A81B3329A2004663AF /* ViewController.m */; };
		643ED5AC1B3329A2004663AF /* Main.storyboard in Resources */ = {isa = PBXBuildFile; fileRef = 643ED5AA1B3329A2004663AF /* Main.storyboard */; };
		643ED5AE1B3329A2004663AF /* Images.xcassets in Resources */ = {isa = PBXBuildFile; fileRef = 643ED5AD1B3329A2004663AF /* Images.xcassets */; };
		643ED5B11B3329A2004663AF /* LaunchScreen.xib in Resources */ = {isa = PBXBuildFile; fileRef = 643ED5AF1B3329A2004663AF /* LaunchScreen.xib */; };
		643ED5D11B332A02004663AF /* MZFormSheetPresentationViewController.m in Sources */ = {isa = PBXBuildFile; fileRef = 643ED5C81B332A02004663AF /* MZFormSheetPresentationViewController.m */; };
		643ED5D21B332A02004663AF /* MZFormSheetPresentationViewControllerAnimator.m in Sources */ = {isa = PBXBuildFile; fileRef = 643ED5CA1B332A02004663AF /* MZFormSheetPresentationViewControllerAnimator.m */; };
		643ED5D31B332A02004663AF /* MZFormSheetPresentationViewControllerSegue.m in Sources */ = {isa = PBXBuildFile; fileRef = 643ED5CC1B332A02004663AF /* MZFormSheetPresentationViewControllerSegue.m */; };
		643ED5D41B332A02004663AF /* MZTransition.m in Sources */ = {isa = PBXBuildFile; fileRef = 643ED5CE1B332A02004663AF /* MZTransition.m */; };
		643ED5D51B332A02004663AF /* UIViewController+TargetViewController.m in Sources */ = {isa = PBXBuildFile; fileRef = 643ED5D01B332A02004663AF /* UIViewController+TargetViewController.m */; };
		644C65861BD2589900ACE2C5 /* CustomPrenstationControllerAnimator.m in Sources */ = {isa = PBXBuildFile; fileRef = 644C65851BD2589900ACE2C5 /* CustomPrenstationControllerAnimator.m */; settings = {ASSET_TAGS = (); }; };
		644C65891BD265A300ACE2C5 /* MZFormSheetPresentationController.m in Sources */ = {isa = PBXBuildFile; fileRef = 644C65881BD265A300ACE2C5 /* MZFormSheetPresentationController.m */; settings = {ASSET_TAGS = (); }; };
		6494BD391B33344700C331EE /* PresentedTableViewController.m in Sources */ = {isa = PBXBuildFile; fileRef = 6494BD381B33344700C331EE /* PresentedTableViewController.m */; };
		6494BD3C1B33355B00C331EE /* CustomTransition.m in Sources */ = {isa = PBXBuildFile; fileRef = 6494BD3B1B33355B00C331EE /* CustomTransition.m */; };
		D2BC83911B4C05DC00BCAE95 /* MZBlurEffectAdapter.m in Sources */ = {isa = PBXBuildFile; fileRef = D2BC83901B4C05DC00BCAE95 /* MZBlurEffectAdapter.m */; };
/* End PBXBuildFile section */

/* Begin PBXFileReference section */
		333C114802656D29351E2C45 /* Pods.release.xcconfig */ = {isa = PBXFileReference; includeInIndex = 1; lastKnownFileType = text.xcconfig; name = Pods.release.xcconfig; path = "Pods/Target Support Files/Pods/Pods.release.xcconfig"; sourceTree = "<group>"; };
		38480D01C8AF9A62E2EEC81C /* Pods.debug.xcconfig */ = {isa = PBXFileReference; includeInIndex = 1; lastKnownFileType = text.xcconfig; name = Pods.debug.xcconfig; path = "Pods/Target Support Files/Pods/Pods.debug.xcconfig"; sourceTree = "<group>"; };
		640560951B389D3700CE2950 /* TransparentViewController.h */ = {isa = PBXFileReference; fileEncoding = 4; lastKnownFileType = sourcecode.c.h; path = TransparentViewController.h; sourceTree = "<group>"; };
		640560961B389D3700CE2950 /* TransparentViewController.m */ = {isa = PBXFileReference; fileEncoding = 4; lastKnownFileType = sourcecode.c.objc; path = TransparentViewController.m; sourceTree = "<group>"; };
		643ED59D1B3329A2004663AF /* MZFormSheetPresentationController Objective-C Example.app */ = {isa = PBXFileReference; explicitFileType = wrapper.application; includeInIndex = 0; path = "MZFormSheetPresentationController Objective-C Example.app"; sourceTree = BUILT_PRODUCTS_DIR; };
		643ED5A11B3329A2004663AF /* Info.plist */ = {isa = PBXFileReference; lastKnownFileType = text.plist.xml; path = Info.plist; sourceTree = "<group>"; };
		643ED5A21B3329A2004663AF /* main.m */ = {isa = PBXFileReference; lastKnownFileType = sourcecode.c.objc; path = main.m; sourceTree = "<group>"; };
		643ED5A41B3329A2004663AF /* AppDelegate.h */ = {isa = PBXFileReference; lastKnownFileType = sourcecode.c.h; path = AppDelegate.h; sourceTree = "<group>"; };
		643ED5A51B3329A2004663AF /* AppDelegate.m */ = {isa = PBXFileReference; lastKnownFileType = sourcecode.c.objc; path = AppDelegate.m; sourceTree = "<group>"; };
		643ED5A71B3329A2004663AF /* ViewController.h */ = {isa = PBXFileReference; lastKnownFileType = sourcecode.c.h; path = ViewController.h; sourceTree = "<group>"; };
		643ED5A81B3329A2004663AF /* ViewController.m */ = {isa = PBXFileReference; lastKnownFileType = sourcecode.c.objc; path = ViewController.m; sourceTree = "<group>"; };
		643ED5AB1B3329A2004663AF /* Base */ = {isa = PBXFileReference; lastKnownFileType = file.storyboard; name = Base; path = Base.lproj/Main.storyboard; sourceTree = "<group>"; };
		643ED5AD1B3329A2004663AF /* Images.xcassets */ = {isa = PBXFileReference; lastKnownFileType = folder.assetcatalog; path = Images.xcassets; sourceTree = "<group>"; };
		643ED5B01B3329A2004663AF /* Base */ = {isa = PBXFileReference; lastKnownFileType = file.xib; name = Base; path = Base.lproj/LaunchScreen.xib; sourceTree = "<group>"; };
		643ED5BB1B3329A2004663AF /* Info.plist */ = {isa = PBXFileReference; lastKnownFileType = text.plist.xml; path = Info.plist; sourceTree = "<group>"; };
		643ED5BC1B3329A2004663AF /* MZFormSheetPresentationController_Objective_C_ExampleTests.m */ = {isa = PBXFileReference; lastKnownFileType = sourcecode.c.objc; path = MZFormSheetPresentationController_Objective_C_ExampleTests.m; sourceTree = "<group>"; };
		643ED5C71B332A02004663AF /* MZFormSheetPresentationViewController.h */ = {isa = PBXFileReference; fileEncoding = 4; lastKnownFileType = sourcecode.c.h; path = MZFormSheetPresentationViewController.h; sourceTree = "<group>"; };
		643ED5C81B332A02004663AF /* MZFormSheetPresentationViewController.m */ = {isa = PBXFileReference; fileEncoding = 4; lastKnownFileType = sourcecode.c.objc; path = MZFormSheetPresentationViewController.m; sourceTree = "<group>"; };
		643ED5C91B332A02004663AF /* MZFormSheetPresentationViewControllerAnimator.h */ = {isa = PBXFileReference; fileEncoding = 4; lastKnownFileType = sourcecode.c.h; path = MZFormSheetPresentationViewControllerAnimator.h; sourceTree = "<group>"; };
		643ED5CA1B332A02004663AF /* MZFormSheetPresentationViewControllerAnimator.m */ = {isa = PBXFileReference; fileEncoding = 4; lastKnownFileType = sourcecode.c.objc; path = MZFormSheetPresentationViewControllerAnimator.m; sourceTree = "<group>"; };
		643ED5CB1B332A02004663AF /* MZFormSheetPresentationViewControllerSegue.h */ = {isa = PBXFileReference; fileEncoding = 4; lastKnownFileType = sourcecode.c.h; path = MZFormSheetPresentationViewControllerSegue.h; sourceTree = "<group>"; };
		643ED5CC1B332A02004663AF /* MZFormSheetPresentationViewControllerSegue.m */ = {isa = PBXFileReference; fileEncoding = 4; lastKnownFileType = sourcecode.c.objc; path = MZFormSheetPresentationViewControllerSegue.m; sourceTree = "<group>"; };
		643ED5CD1B332A02004663AF /* MZTransition.h */ = {isa = PBXFileReference; fileEncoding = 4; lastKnownFileType = sourcecode.c.h; path = MZTransition.h; sourceTree = "<group>"; };
		643ED5CE1B332A02004663AF /* MZTransition.m */ = {isa = PBXFileReference; fileEncoding = 4; lastKnownFileType = sourcecode.c.objc; path = MZTransition.m; sourceTree = "<group>"; };
		643ED5CF1B332A02004663AF /* UIViewController+TargetViewController.h */ = {isa = PBXFileReference; fileEncoding = 4; lastKnownFileType = sourcecode.c.h; path = "UIViewController+TargetViewController.h"; sourceTree = "<group>"; };
		643ED5D01B332A02004663AF /* UIViewController+TargetViewController.m */ = {isa = PBXFileReference; fileEncoding = 4; lastKnownFileType = sourcecode.c.objc; path = "UIViewController+TargetViewController.m"; sourceTree = "<group>"; };
		644C65831BD2571200ACE2C5 /* MZFormSheetPresentationViewControllerAnimatorProtocol.h */ = {isa = PBXFileReference; fileEncoding = 4; lastKnownFileType = sourcecode.c.h; path = MZFormSheetPresentationViewControllerAnimatorProtocol.h; sourceTree = "<group>"; };
		644C65841BD2589900ACE2C5 /* CustomPrenstationControllerAnimator.h */ = {isa = PBXFileReference; fileEncoding = 4; lastKnownFileType = sourcecode.c.h; path = CustomPrenstationControllerAnimator.h; sourceTree = "<group>"; };
		644C65851BD2589900ACE2C5 /* CustomPrenstationControllerAnimator.m */ = {isa = PBXFileReference; fileEncoding = 4; lastKnownFileType = sourcecode.c.objc; path = CustomPrenstationControllerAnimator.m; sourceTree = "<group>"; };
		644C65871BD265A300ACE2C5 /* MZFormSheetPresentationController.h */ = {isa = PBXFileReference; fileEncoding = 4; lastKnownFileType = sourcecode.c.h; path = MZFormSheetPresentationController.h; sourceTree = "<group>"; };
		644C65881BD265A300ACE2C5 /* MZFormSheetPresentationController.m */ = {isa = PBXFileReference; fileEncoding = 4; lastKnownFileType = sourcecode.c.objc; path = MZFormSheetPresentationController.m; sourceTree = "<group>"; };
		6494BD371B33344700C331EE /* PresentedTableViewController.h */ = {isa = PBXFileReference; fileEncoding = 4; lastKnownFileType = sourcecode.c.h; path = PresentedTableViewController.h; sourceTree = "<group>"; };
		6494BD381B33344700C331EE /* PresentedTableViewController.m */ = {isa = PBXFileReference; fileEncoding = 4; lastKnownFileType = sourcecode.c.objc; path = PresentedTableViewController.m; sourceTree = "<group>"; };
		6494BD3A1B33355B00C331EE /* CustomTransition.h */ = {isa = PBXFileReference; fileEncoding = 4; lastKnownFileType = sourcecode.c.h; path = CustomTransition.h; sourceTree = "<group>"; };
		6494BD3B1B33355B00C331EE /* CustomTransition.m */ = {isa = PBXFileReference; fileEncoding = 4; lastKnownFileType = sourcecode.c.objc; path = CustomTransition.m; sourceTree = "<group>"; };
		D2BC838F1B4C05DC00BCAE95 /* MZBlurEffectAdapter.h */ = {isa = PBXFileReference; fileEncoding = 4; lastKnownFileType = sourcecode.c.h; path = MZBlurEffectAdapter.h; sourceTree = "<group>"; };
		D2BC83901B4C05DC00BCAE95 /* MZBlurEffectAdapter.m */ = {isa = PBXFileReference; fileEncoding = 4; lastKnownFileType = sourcecode.c.objc; path = MZBlurEffectAdapter.m; sourceTree = "<group>"; };
		DF6D3FC74FB8A87B637F99AF /* libPods.a */ = {isa = PBXFileReference; explicitFileType = archive.ar; includeInIndex = 0; path = libPods.a; sourceTree = BUILT_PRODUCTS_DIR; };
/* End PBXFileReference section */

/* Begin PBXFrameworksBuildPhase section */
		643ED59A1B3329A2004663AF /* Frameworks */ = {
			isa = PBXFrameworksBuildPhase;
			buildActionMask = 2147483647;
			files = (
				3449AD15F7D386B8B9120EFB /* libPods.a in Frameworks */,
			);
			runOnlyForDeploymentPostprocessing = 0;
		};
/* End PBXFrameworksBuildPhase section */

/* Begin PBXGroup section */
		643ED5941B3329A2004663AF = {
			isa = PBXGroup;
			children = (
				643ED59F1B3329A2004663AF /* MZFormSheetPresentationController Objective-C Example */,
				643ED5B91B3329A2004663AF /* MZFormSheetPresentationController Objective-C ExampleTests */,
				643ED59E1B3329A2004663AF /* Products */,
				DF0E8B0AA01DE50DCF422B62 /* Pods */,
				E1AB08825E0FD37D78CED311 /* Frameworks */,
			);
			sourceTree = "<group>";
		};
		643ED59E1B3329A2004663AF /* Products */ = {
			isa = PBXGroup;
			children = (
				643ED59D1B3329A2004663AF /* MZFormSheetPresentationController Objective-C Example.app */,
			);
			name = Products;
			sourceTree = "<group>";
		};
		643ED59F1B3329A2004663AF /* MZFormSheetPresentationController Objective-C Example */ = {
			isa = PBXGroup;
			children = (
				643ED5C61B3329E5004663AF /* Source Code */,
				643ED5A41B3329A2004663AF /* AppDelegate.h */,
				643ED5A51B3329A2004663AF /* AppDelegate.m */,
				643ED5A71B3329A2004663AF /* ViewController.h */,
				643ED5A81B3329A2004663AF /* ViewController.m */,
				643ED5AA1B3329A2004663AF /* Main.storyboard */,
				643ED5AD1B3329A2004663AF /* Images.xcassets */,
				643ED5AF1B3329A2004663AF /* LaunchScreen.xib */,
				643ED5A01B3329A2004663AF /* Supporting Files */,
				6494BD371B33344700C331EE /* PresentedTableViewController.h */,
				6494BD381B33344700C331EE /* PresentedTableViewController.m */,
				6494BD3A1B33355B00C331EE /* CustomTransition.h */,
				6494BD3B1B33355B00C331EE /* CustomTransition.m */,
				640560951B389D3700CE2950 /* TransparentViewController.h */,
				640560961B389D3700CE2950 /* TransparentViewController.m */,
				644C65841BD2589900ACE2C5 /* CustomPrenstationControllerAnimator.h */,
				644C65851BD2589900ACE2C5 /* CustomPrenstationControllerAnimator.m */,
			);
			path = "MZFormSheetPresentationController Objective-C Example";
			sourceTree = "<group>";
		};
		643ED5A01B3329A2004663AF /* Supporting Files */ = {
			isa = PBXGroup;
			children = (
				643ED5A11B3329A2004663AF /* Info.plist */,
				643ED5A21B3329A2004663AF /* main.m */,
			);
			name = "Supporting Files";
			sourceTree = "<group>";
		};
		643ED5B91B3329A2004663AF /* MZFormSheetPresentationController Objective-C ExampleTests */ = {
			isa = PBXGroup;
			children = (
				643ED5BC1B3329A2004663AF /* MZFormSheetPresentationController_Objective_C_ExampleTests.m */,
				643ED5BA1B3329A2004663AF /* Supporting Files */,
			);
			path = "MZFormSheetPresentationController Objective-C ExampleTests";
			sourceTree = "<group>";
		};
		643ED5BA1B3329A2004663AF /* Supporting Files */ = {
			isa = PBXGroup;
			children = (
				643ED5BB1B3329A2004663AF /* Info.plist */,
			);
			name = "Supporting Files";
			sourceTree = "<group>";
		};
		643ED5C61B3329E5004663AF /* Source Code */ = {
			isa = PBXGroup;
			children = (
				D2BC838F1B4C05DC00BCAE95 /* MZBlurEffectAdapter.h */,
				D2BC83901B4C05DC00BCAE95 /* MZBlurEffectAdapter.m */,
				644C65871BD265A300ACE2C5 /* MZFormSheetPresentationController.h */,
				644C65881BD265A300ACE2C5 /* MZFormSheetPresentationController.m */,
				643ED5C71B332A02004663AF /* MZFormSheetPresentationViewController.h */,
				643ED5C81B332A02004663AF /* MZFormSheetPresentationViewController.m */,
				644C65831BD2571200ACE2C5 /* MZFormSheetPresentationViewControllerAnimatorProtocol.h */,
				643ED5C91B332A02004663AF /* MZFormSheetPresentationViewControllerAnimator.h */,
				643ED5CA1B332A02004663AF /* MZFormSheetPresentationViewControllerAnimator.m */,
				643ED5CB1B332A02004663AF /* MZFormSheetPresentationViewControllerSegue.h */,
				643ED5CC1B332A02004663AF /* MZFormSheetPresentationViewControllerSegue.m */,
				643ED5CD1B332A02004663AF /* MZTransition.h */,
				643ED5CE1B332A02004663AF /* MZTransition.m */,
				643ED5CF1B332A02004663AF /* UIViewController+TargetViewController.h */,
				643ED5D01B332A02004663AF /* UIViewController+TargetViewController.m */,
			);
			name = "Source Code";
			path = ../../../MZFormSheetPresentationController;
			sourceTree = "<group>";
		};
		DF0E8B0AA01DE50DCF422B62 /* Pods */ = {
			isa = PBXGroup;
			children = (
				38480D01C8AF9A62E2EEC81C /* Pods.debug.xcconfig */,
				333C114802656D29351E2C45 /* Pods.release.xcconfig */,
			);
			name = Pods;
			sourceTree = "<group>";
		};
		E1AB08825E0FD37D78CED311 /* Frameworks */ = {
			isa = PBXGroup;
			children = (
				DF6D3FC74FB8A87B637F99AF /* libPods.a */,
			);
			name = Frameworks;
			sourceTree = "<group>";
		};
/* End PBXGroup section */

/* Begin PBXNativeTarget section */
		643ED59C1B3329A2004663AF /* MZFormSheetPresentationController Objective-C Example */ = {
			isa = PBXNativeTarget;
			buildConfigurationList = 643ED5C01B3329A2004663AF /* Build configuration list for PBXNativeTarget "MZFormSheetPresentationController Objective-C Example" */;
			buildPhases = (
				49A2EFF724D05605721583BA /* Check Pods Manifest.lock */,
				643ED5991B3329A2004663AF /* Sources */,
				643ED59A1B3329A2004663AF /* Frameworks */,
				643ED59B1B3329A2004663AF /* Resources */,
				9B3DF32B2B8860B42DA6D05F /* Copy Pods Resources */,
			);
			buildRules = (
			);
			dependencies = (
			);
			name = "MZFormSheetPresentationController Objective-C Example";
			productName = "MZFormSheetPresentationController Objective-C Example";
			productReference = 643ED59D1B3329A2004663AF /* MZFormSheetPresentationController Objective-C Example.app */;
			productType = "com.apple.product-type.application";
		};
/* End PBXNativeTarget section */

/* Begin PBXProject section */
		643ED5951B3329A2004663AF /* Project object */ = {
			isa = PBXProject;
			attributes = {
				LastUpgradeCheck = 0700;
				ORGANIZATIONNAME = "Michal Zaborowski";
				TargetAttributes = {
					643ED59C1B3329A2004663AF = {
						CreatedOnToolsVersion = 6.3.2;
					};
				};
			};
			buildConfigurationList = 643ED5981B3329A2004663AF /* Build configuration list for PBXProject "MZFormSheetPresentationController Objective-C Example" */;
			compatibilityVersion = "Xcode 3.2";
			developmentRegion = English;
			hasScannedForEncodings = 0;
			knownRegions = (
				en,
				Base,
			);
			mainGroup = 643ED5941B3329A2004663AF;
			productRefGroup = 643ED59E1B3329A2004663AF /* Products */;
			projectDirPath = "";
			projectRoot = "";
			targets = (
				643ED59C1B3329A2004663AF /* MZFormSheetPresentationController Objective-C Example */,
			);
		};
/* End PBXProject section */

/* Begin PBXResourcesBuildPhase section */
		643ED59B1B3329A2004663AF /* Resources */ = {
			isa = PBXResourcesBuildPhase;
			buildActionMask = 2147483647;
			files = (
				643ED5AC1B3329A2004663AF /* Main.storyboard in Resources */,
				643ED5B11B3329A2004663AF /* LaunchScreen.xib in Resources */,
				643ED5AE1B3329A2004663AF /* Images.xcassets in Resources */,
			);
			runOnlyForDeploymentPostprocessing = 0;
		};
/* End PBXResourcesBuildPhase section */

/* Begin PBXShellScriptBuildPhase section */
		49A2EFF724D05605721583BA /* Check Pods Manifest.lock */ = {
			isa = PBXShellScriptBuildPhase;
			buildActionMask = 2147483647;
			files = (
			);
			inputPaths = (
			);
			name = "Check Pods Manifest.lock";
			outputPaths = (
			);
			runOnlyForDeploymentPostprocessing = 0;
			shellPath = /bin/sh;
			shellScript = "diff \"${PODS_ROOT}/../Podfile.lock\" \"${PODS_ROOT}/Manifest.lock\" > /dev/null\nif [[ $? != 0 ]] ; then\n    cat << EOM\nerror: The sandbox is not in sync with the Podfile.lock. Run 'pod install' or update your CocoaPods installation.\nEOM\n    exit 1\nfi\n";
			showEnvVarsInLog = 0;
		};
		9B3DF32B2B8860B42DA6D05F /* Copy Pods Resources */ = {
			isa = PBXShellScriptBuildPhase;
			buildActionMask = 2147483647;
			files = (
			);
			inputPaths = (
			);
			name = "Copy Pods Resources";
			outputPaths = (
			);
			runOnlyForDeploymentPostprocessing = 0;
			shellPath = /bin/sh;
			shellScript = "\"${SRCROOT}/Pods/Target Support Files/Pods/Pods-resources.sh\"\n";
			showEnvVarsInLog = 0;
		};
/* End PBXShellScriptBuildPhase section */

/* Begin PBXSourcesBuildPhase section */
		643ED5991B3329A2004663AF /* Sources */ = {
			isa = PBXSourcesBuildPhase;
			buildActionMask = 2147483647;
			files = (
				643ED5D51B332A02004663AF /* UIViewController+TargetViewController.m in Sources */,
				643ED5A91B3329A2004663AF /* ViewController.m in Sources */,
				644C65891BD265A300ACE2C5 /* MZFormSheetPresentationController.m in Sources */,
				6494BD391B33344700C331EE /* PresentedTableViewController.m in Sources */,
				643ED5A61B3329A2004663AF /* AppDelegate.m in Sources */,
				644C65861BD2589900ACE2C5 /* CustomPrenstationControllerAnimator.m in Sources */,
				643ED5D11B332A02004663AF /* MZFormSheetPresentationViewController.m in Sources */,
				643ED5D21B332A02004663AF /* MZFormSheetPresentationViewControllerAnimator.m in Sources */,
				D2BC83911B4C05DC00BCAE95 /* MZBlurEffectAdapter.m in Sources */,
				640560971B389D3700CE2950 /* TransparentViewController.m in Sources */,
				643ED5D31B332A02004663AF /* MZFormSheetPresentationViewControllerSegue.m in Sources */,
				6494BD3C1B33355B00C331EE /* CustomTransition.m in Sources */,
				643ED5A31B3329A2004663AF /* main.m in Sources */,
				643ED5D41B332A02004663AF /* MZTransition.m in Sources */,
			);
			runOnlyForDeploymentPostprocessing = 0;
		};
/* End PBXSourcesBuildPhase section */

/* Begin PBXVariantGroup section */
		643ED5AA1B3329A2004663AF /* Main.storyboard */ = {
			isa = PBXVariantGroup;
			children = (
				643ED5AB1B3329A2004663AF /* Base */,
			);
			name = Main.storyboard;
			sourceTree = "<group>";
		};
		643ED5AF1B3329A2004663AF /* LaunchScreen.xib */ = {
			isa = PBXVariantGroup;
			children = (
				643ED5B01B3329A2004663AF /* Base */,
			);
			name = LaunchScreen.xib;
			sourceTree = "<group>";
		};
/* End PBXVariantGroup section */

/* Begin XCBuildConfiguration section */
		643ED5BE1B3329A2004663AF /* Debug */ = {
			isa = XCBuildConfiguration;
			buildSettings = {
				ALWAYS_SEARCH_USER_PATHS = NO;
				CLANG_CXX_LANGUAGE_STANDARD = "gnu++0x";
				CLANG_CXX_LIBRARY = "libc++";
				CLANG_ENABLE_MODULES = YES;
				CLANG_ENABLE_OBJC_ARC = YES;
				CLANG_WARN_BOOL_CONVERSION = YES;
				CLANG_WARN_CONSTANT_CONVERSION = YES;
				CLANG_WARN_DIRECT_OBJC_ISA_USAGE = YES_ERROR;
				CLANG_WARN_EMPTY_BODY = YES;
				CLANG_WARN_ENUM_CONVERSION = YES;
				CLANG_WARN_INT_CONVERSION = YES;
				CLANG_WARN_OBJC_ROOT_CLASS = YES_ERROR;
				CLANG_WARN_UNREACHABLE_CODE = YES;
				CLANG_WARN__DUPLICATE_METHOD_MATCH = YES;
				"CODE_SIGN_IDENTITY[sdk=iphoneos*]" = "iPhone Developer";
				COPY_PHASE_STRIP = NO;
				DEBUG_INFORMATION_FORMAT = "dwarf-with-dsym";
				ENABLE_STRICT_OBJC_MSGSEND = YES;
				ENABLE_TESTABILITY = YES;
				GCC_C_LANGUAGE_STANDARD = gnu99;
				GCC_DYNAMIC_NO_PIC = NO;
				GCC_NO_COMMON_BLOCKS = YES;
				GCC_OPTIMIZATION_LEVEL = 0;
				GCC_PREPROCESSOR_DEFINITIONS = (
					"DEBUG=1",
					"$(inherited)",
				);
				GCC_SYMBOLS_PRIVATE_EXTERN = NO;
				GCC_WARN_64_TO_32_BIT_CONVERSION = YES;
				GCC_WARN_ABOUT_RETURN_TYPE = YES_ERROR;
				GCC_WARN_UNDECLARED_SELECTOR = YES;
				GCC_WARN_UNINITIALIZED_AUTOS = YES_AGGRESSIVE;
				GCC_WARN_UNUSED_FUNCTION = YES;
				GCC_WARN_UNUSED_VARIABLE = YES;
				IPHONEOS_DEPLOYMENT_TARGET = 8.3;
				MTL_ENABLE_DEBUG_INFO = YES;
				ONLY_ACTIVE_ARCH = YES;
				SDKROOT = iphoneos;
				TARGETED_DEVICE_FAMILY = "1,2";
			};
			name = Debug;
		};
		643ED5BF1B3329A2004663AF /* Release */ = {
			isa = XCBuildConfiguration;
			buildSettings = {
				ALWAYS_SEARCH_USER_PATHS = NO;
				CLANG_CXX_LANGUAGE_STANDARD = "gnu++0x";
				CLANG_CXX_LIBRARY = "libc++";
				CLANG_ENABLE_MODULES = YES;
				CLANG_ENABLE_OBJC_ARC = YES;
				CLANG_WARN_BOOL_CONVERSION = YES;
				CLANG_WARN_CONSTANT_CONVERSION = YES;
				CLANG_WARN_DIRECT_OBJC_ISA_USAGE = YES_ERROR;
				CLANG_WARN_EMPTY_BODY = YES;
				CLANG_WARN_ENUM_CONVERSION = YES;
				CLANG_WARN_INT_CONVERSION = YES;
				CLANG_WARN_OBJC_ROOT_CLASS = YES_ERROR;
				CLANG_WARN_UNREACHABLE_CODE = YES;
				CLANG_WARN__DUPLICATE_METHOD_MATCH = YES;
				"CODE_SIGN_IDENTITY[sdk=iphoneos*]" = "iPhone Developer";
				COPY_PHASE_STRIP = NO;
				DEBUG_INFORMATION_FORMAT = "dwarf-with-dsym";
				ENABLE_NS_ASSERTIONS = NO;
				ENABLE_STRICT_OBJC_MSGSEND = YES;
				GCC_C_LANGUAGE_STANDARD = gnu99;
				GCC_NO_COMMON_BLOCKS = YES;
				GCC_WARN_64_TO_32_BIT_CONVERSION = YES;
				GCC_WARN_ABOUT_RETURN_TYPE = YES_ERROR;
				GCC_WARN_UNDECLARED_SELECTOR = YES;
				GCC_WARN_UNINITIALIZED_AUTOS = YES_AGGRESSIVE;
				GCC_WARN_UNUSED_FUNCTION = YES;
				GCC_WARN_UNUSED_VARIABLE = YES;
				IPHONEOS_DEPLOYMENT_TARGET = 8.3;
				MTL_ENABLE_DEBUG_INFO = NO;
				SDKROOT = iphoneos;
				TARGETED_DEVICE_FAMILY = "1,2";
				VALIDATE_PRODUCT = YES;
			};
			name = Release;
		};
		643ED5C11B3329A2004663AF /* Debug */ = {
			isa = XCBuildConfiguration;
			baseConfigurationReference = 38480D01C8AF9A62E2EEC81C /* Pods.debug.xcconfig */;
			buildSettings = {
				ASSETCATALOG_COMPILER_APPICON_NAME = AppIcon;
				CLANG_ENABLE_MODULES = YES;
				INFOPLIST_FILE = "MZFormSheetPresentationController Objective-C Example/Info.plist";
				LD_RUNPATH_SEARCH_PATHS = "$(inherited) @executable_path/Frameworks";
				PRODUCT_BUNDLE_IDENTIFIER = "me.zaborowski.$(PRODUCT_NAME:rfc1034identifier)";
				PRODUCT_NAME = "$(TARGET_NAME)";
				SWIFT_OPTIMIZATION_LEVEL = "-Onone";
			};
			name = Debug;
		};
		643ED5C21B3329A2004663AF /* Release */ = {
			isa = XCBuildConfiguration;
			baseConfigurationReference = 333C114802656D29351E2C45 /* Pods.release.xcconfig */;
			buildSettings = {
				ASSETCATALOG_COMPILER_APPICON_NAME = AppIcon;
				CLANG_ENABLE_MODULES = YES;
				INFOPLIST_FILE = "MZFormSheetPresentationController Objective-C Example/Info.plist";
				LD_RUNPATH_SEARCH_PATHS = "$(inherited) @executable_path/Frameworks";
				PRODUCT_BUNDLE_IDENTIFIER = "me.zaborowski.$(PRODUCT_NAME:rfc1034identifier)";
				PRODUCT_NAME = "$(TARGET_NAME)";
			};
			name = Release;
		};
/* End XCBuildConfiguration section */

/* Begin XCConfigurationList section */
		643ED5981B3329A2004663AF /* Build configuration list for PBXProject "MZFormSheetPresentationController Objective-C Example" */ = {
			isa = XCConfigurationList;
			buildConfigurations = (
				643ED5BE1B3329A2004663AF /* Debug */,
				643ED5BF1B3329A2004663AF /* Release */,
			);
			defaultConfigurationIsVisible = 0;
			defaultConfigurationName = Release;
		};
		643ED5C01B3329A2004663AF /* Build configuration list for PBXNativeTarget "MZFormSheetPresentationController Objective-C Example" */ = {
			isa = XCConfigurationList;
			buildConfigurations = (
				643ED5C11B3329A2004663AF /* Debug */,
				643ED5C21B3329A2004663AF /* Release */,
			);
			defaultConfigurationIsVisible = 0;
			defaultConfigurationName = Release;
		};
/* End XCConfigurationList section */
	};
	rootObject = 643ED5951B3329A2004663AF /* Project object */;
}
