// !$*UTF8*$!
{
	archiveVersion = 1;
	classes = {
	};
	objectVersion = 46;
	objects = {

/* Begin PBXBuildFile section */
		640560991B389F4300CE2950 /* TransparentViewController.swift in Sources */ = {isa = PBXBuildFile; fileRef = 640560981B389F4300CE2950 /* TransparentViewController.swift */; };
		64717C4D1BD3B7C2005CBA5A /* MZBlurEffectAdapter.m in Sources */ = {isa = PBXBuildFile; fileRef = 64717C3B1BD3B7C2005CBA5A /* MZBlurEffectAdapter.m */; };
		64717C4E1BD3B7C2005CBA5A /* MZFormSheetPresentationController.m in Sources */ = {isa = PBXBuildFile; fileRef = 64717C3E1BD3B7C2005CBA5A /* MZFormSheetPresentationController.m */; };
		64717C4F1BD3B7C2005CBA5A /* MZFormSheetPresentationViewController.m in Sources */ = {isa = PBXBuildFile; fileRef = 64717C401BD3B7C2005CBA5A /* MZFormSheetPresentationViewController.m */; };
		64717C501BD3B7C2005CBA5A /* MZFormSheetPresentationViewControllerAnimator.m in Sources */ = {isa = PBXBuildFile; fileRef = 64717C431BD3B7C2005CBA5A /* MZFormSheetPresentationViewControllerAnimator.m */; };
		64717C511BD3B7C2005CBA5A /* MZFormSheetPresentationViewControllerInteractiveAnimator.m in Sources */ = {isa = PBXBuildFile; fileRef = 64717C451BD3B7C2005CBA5A /* MZFormSheetPresentationViewControllerInteractiveAnimator.m */; };
		64717C521BD3B7C2005CBA5A /* MZFormSheetPresentationViewControllerSegue.m in Sources */ = {isa = PBXBuildFile; fileRef = 64717C481BD3B7C2005CBA5A /* MZFormSheetPresentationViewControllerSegue.m */; };
		64717C531BD3B7C2005CBA5A /* MZTransition.m in Sources */ = {isa = PBXBuildFile; fileRef = 64717C4A1BD3B7C2005CBA5A /* MZTransition.m */; };
		64717C541BD3B7C2005CBA5A /* UIViewController+TargetViewController.m in Sources */ = {isa = PBXBuildFile; fileRef = 64717C4C1BD3B7C2005CBA5A /* UIViewController+TargetViewController.m */; };
		6494BD4C1B3343FC00C331EE /* AppDelegate.swift in Sources */ = {isa = PBXBuildFile; fileRef = 6494BD4B1B3343FC00C331EE /* AppDelegate.swift */; };
		6494BD4E1B3343FC00C331EE /* ViewController.swift in Sources */ = {isa = PBXBuildFile; fileRef = 6494BD4D1B3343FC00C331EE /* ViewController.swift */; };
		6494BD511B3343FC00C331EE /* Main.storyboard in Resources */ = {isa = PBXBuildFile; fileRef = 6494BD4F1B3343FC00C331EE /* Main.storyboard */; };
		6494BD531B3343FC00C331EE /* Images.xcassets in Resources */ = {isa = PBXBuildFile; fileRef = 6494BD521B3343FC00C331EE /* Images.xcassets */; };
		6494BD561B3343FC00C331EE /* LaunchScreen.xib in Resources */ = {isa = PBXBuildFile; fileRef = 6494BD541B3343FC00C331EE /* LaunchScreen.xib */; };
		6494BD7D1B3344AA00C331EE /* PresentedTableViewController.swift in Sources */ = {isa = PBXBuildFile; fileRef = 6494BD7C1B3344AA00C331EE /* PresentedTableViewController.swift */; };
		6494BD7F1B3344BC00C331EE /* CustomTransition.swift in Sources */ = {isa = PBXBuildFile; fileRef = 6494BD7E1B3344BC00C331EE /* CustomTransition.swift */; };
		A353758F483F8E2C629E2014 /* Pods.framework in Frameworks */ = {isa = PBXBuildFile; fileRef = F6981EFFBC4A3D8854472104 /* Pods.framework */; settings = {ATTRIBUTES = (Weak, ); }; };
/* End PBXBuildFile section */

/* Begin PBXFileReference section */
		5E5F8D9FE03CE5560E3C5462 /* Pods.debug.xcconfig */ = {isa = PBXFileReference; includeInIndex = 1; lastKnownFileType = text.xcconfig; name = Pods.debug.xcconfig; path = "Pods/Target Support Files/Pods/Pods.debug.xcconfig"; sourceTree = "<group>"; };
		640560981B389F4300CE2950 /* TransparentViewController.swift */ = {isa = PBXFileReference; fileEncoding = 4; lastKnownFileType = sourcecode.swift; path = TransparentViewController.swift; sourceTree = "<group>"; };
		64717C3A1BD3B7C2005CBA5A /* MZBlurEffectAdapter.h */ = {isa = PBXFileReference; fileEncoding = 4; lastKnownFileType = sourcecode.c.h; path = MZBlurEffectAdapter.h; sourceTree = "<group>"; };
		64717C3B1BD3B7C2005CBA5A /* MZBlurEffectAdapter.m */ = {isa = PBXFileReference; fileEncoding = 4; lastKnownFileType = sourcecode.c.objc; path = MZBlurEffectAdapter.m; sourceTree = "<group>"; };
		64717C3D1BD3B7C2005CBA5A /* MZFormSheetPresentationController.h */ = {isa = PBXFileReference; fileEncoding = 4; lastKnownFileType = sourcecode.c.h; path = MZFormSheetPresentationController.h; sourceTree = "<group>"; };
		64717C3E1BD3B7C2005CBA5A /* MZFormSheetPresentationController.m */ = {isa = PBXFileReference; fileEncoding = 4; lastKnownFileType = sourcecode.c.objc; path = MZFormSheetPresentationController.m; sourceTree = "<group>"; };
		64717C3F1BD3B7C2005CBA5A /* MZFormSheetPresentationViewController.h */ = {isa = PBXFileReference; fileEncoding = 4; lastKnownFileType = sourcecode.c.h; path = MZFormSheetPresentationViewController.h; sourceTree = "<group>"; };
		64717C401BD3B7C2005CBA5A /* MZFormSheetPresentationViewController.m */ = {isa = PBXFileReference; fileEncoding = 4; lastKnownFileType = sourcecode.c.objc; path = MZFormSheetPresentationViewController.m; sourceTree = "<group>"; };
		64717C411BD3B7C2005CBA5A /* MZFormSheetPresentationViewControllerAnimatedTransitioning.h */ = {isa = PBXFileReference; fileEncoding = 4; lastKnownFileType = sourcecode.c.h; path = MZFormSheetPresentationViewControllerAnimatedTransitioning.h; sourceTree = "<group>"; };
		64717C421BD3B7C2005CBA5A /* MZFormSheetPresentationViewControllerAnimator.h */ = {isa = PBXFileReference; fileEncoding = 4; lastKnownFileType = sourcecode.c.h; path = MZFormSheetPresentationViewControllerAnimator.h; sourceTree = "<group>"; };
		64717C431BD3B7C2005CBA5A /* MZFormSheetPresentationViewControllerAnimator.m */ = {isa = PBXFileReference; fileEncoding = 4; lastKnownFileType = sourcecode.c.objc; path = MZFormSheetPresentationViewControllerAnimator.m; sourceTree = "<group>"; };
		64717C441BD3B7C2005CBA5A /* MZFormSheetPresentationViewControllerInteractiveAnimator.h */ = {isa = PBXFileReference; fileEncoding = 4; lastKnownFileType = sourcecode.c.h; path = MZFormSheetPresentationViewControllerInteractiveAnimator.h; sourceTree = "<group>"; };
		64717C451BD3B7C2005CBA5A /* MZFormSheetPresentationViewControllerInteractiveAnimator.m */ = {isa = PBXFileReference; fileEncoding = 4; lastKnownFileType = sourcecode.c.objc; path = MZFormSheetPresentationViewControllerInteractiveAnimator.m; sourceTree = "<group>"; };
		64717C461BD3B7C2005CBA5A /* MZFormSheetPresentationViewControllerInteractiveTransitioning.h */ = {isa = PBXFileReference; fileEncoding = 4; lastKnownFileType = sourcecode.c.h; path = MZFormSheetPresentationViewControllerInteractiveTransitioning.h; sourceTree = "<group>"; };
		64717C471BD3B7C2005CBA5A /* MZFormSheetPresentationViewControllerSegue.h */ = {isa = PBXFileReference; fileEncoding = 4; lastKnownFileType = sourcecode.c.h; path = MZFormSheetPresentationViewControllerSegue.h; sourceTree = "<group>"; };
		64717C481BD3B7C2005CBA5A /* MZFormSheetPresentationViewControllerSegue.m */ = {isa = PBXFileReference; fileEncoding = 4; lastKnownFileType = sourcecode.c.objc; path = MZFormSheetPresentationViewControllerSegue.m; sourceTree = "<group>"; };
		64717C491BD3B7C2005CBA5A /* MZTransition.h */ = {isa = PBXFileReference; fileEncoding = 4; lastKnownFileType = sourcecode.c.h; path = MZTransition.h; sourceTree = "<group>"; };
		64717C4A1BD3B7C2005CBA5A /* MZTransition.m */ = {isa = PBXFileReference; fileEncoding = 4; lastKnownFileType = sourcecode.c.objc; path = MZTransition.m; sourceTree = "<group>"; };
		64717C4B1BD3B7C2005CBA5A /* UIViewController+TargetViewController.h */ = {isa = PBXFileReference; fileEncoding = 4; lastKnownFileType = sourcecode.c.h; path = "UIViewController+TargetViewController.h"; sourceTree = "<group>"; };
		64717C4C1BD3B7C2005CBA5A /* UIViewController+TargetViewController.m */ = {isa = PBXFileReference; fileEncoding = 4; lastKnownFileType = sourcecode.c.objc; path = "UIViewController+TargetViewController.m"; sourceTree = "<group>"; };
		6494BD461B3343FC00C331EE /* MZFormSheetPresentationController Swift Example.app */ = {isa = PBXFileReference; explicitFileType = wrapper.application; includeInIndex = 0; path = "MZFormSheetPresentationController Swift Example.app"; sourceTree = BUILT_PRODUCTS_DIR; };
		6494BD4A1B3343FC00C331EE /* Info.plist */ = {isa = PBXFileReference; lastKnownFileType = text.plist.xml; path = Info.plist; sourceTree = "<group>"; };
		6494BD4B1B3343FC00C331EE /* AppDelegate.swift */ = {isa = PBXFileReference; lastKnownFileType = sourcecode.swift; path = AppDelegate.swift; sourceTree = "<group>"; };
		6494BD4D1B3343FC00C331EE /* ViewController.swift */ = {isa = PBXFileReference; lastKnownFileType = sourcecode.swift; path = ViewController.swift; sourceTree = "<group>"; };
		6494BD501B3343FC00C331EE /* Base */ = {isa = PBXFileReference; lastKnownFileType = file.storyboard; name = Base; path = Base.lproj/Main.storyboard; sourceTree = "<group>"; };
		6494BD521B3343FC00C331EE /* Images.xcassets */ = {isa = PBXFileReference; lastKnownFileType = folder.assetcatalog; path = Images.xcassets; sourceTree = "<group>"; };
		6494BD551B3343FC00C331EE /* Base */ = {isa = PBXFileReference; lastKnownFileType = file.xib; name = Base; path = Base.lproj/LaunchScreen.xib; sourceTree = "<group>"; };
		6494BD601B3343FC00C331EE /* Info.plist */ = {isa = PBXFileReference; lastKnownFileType = text.plist.xml; path = Info.plist; sourceTree = "<group>"; };
		6494BD611B3343FC00C331EE /* MZFormSheetPresentationController_Swift_ExampleTests.swift */ = {isa = PBXFileReference; lastKnownFileType = sourcecode.swift; path = MZFormSheetPresentationController_Swift_ExampleTests.swift; sourceTree = "<group>"; };
		6494BD7C1B3344AA00C331EE /* PresentedTableViewController.swift */ = {isa = PBXFileReference; fileEncoding = 4; lastKnownFileType = sourcecode.swift; path = PresentedTableViewController.swift; sourceTree = "<group>"; };
		6494BD7E1B3344BC00C331EE /* CustomTransition.swift */ = {isa = PBXFileReference; fileEncoding = 4; lastKnownFileType = sourcecode.swift; path = CustomTransition.swift; sourceTree = "<group>"; };
		7CE4D041234BAC6A00121B5F /* MZFormSheetPresentationController-Bridging-Header.h */ = {isa = PBXFileReference; lastKnownFileType = sourcecode.c.h; path = "MZFormSheetPresentationController-Bridging-Header.h"; sourceTree = "<group>"; };
		92BC176FBB0849533237A49D /* Pods.release.xcconfig */ = {isa = PBXFileReference; includeInIndex = 1; lastKnownFileType = text.xcconfig; name = Pods.release.xcconfig; path = "Pods/Target Support Files/Pods/Pods.release.xcconfig"; sourceTree = "<group>"; };
		F6981EFFBC4A3D8854472104 /* Pods.framework */ = {isa = PBXFileReference; explicitFileType = wrapper.framework; includeInIndex = 0; path = Pods.framework; sourceTree = BUILT_PRODUCTS_DIR; };
/* End PBXFileReference section */

/* Begin PBXFrameworksBuildPhase section */
		6494BD431B3343FC00C331EE /* Frameworks */ = {
			isa = PBXFrameworksBuildPhase;
			buildActionMask = 2147483647;
			files = (
				A353758F483F8E2C629E2014 /* Pods.framework in Frameworks */,
			);
			runOnlyForDeploymentPostprocessing = 0;
		};
/* End PBXFrameworksBuildPhase section */

/* Begin PBXGroup section */
		6494BD3D1B3343FC00C331EE = {
			isa = PBXGroup;
			children = (
				6494BD481B3343FC00C331EE /* MZFormSheetPresentationController Swift Example */,
				6494BD5E1B3343FC00C331EE /* MZFormSheetPresentationController Swift ExampleTests */,
				6494BD471B3343FC00C331EE /* Products */,
				CDFD95A2EED990290215E8AA /* Pods */,
				A9434A5ACA7FAB7FDCFBFB4A /* Frameworks */,
			);
			sourceTree = "<group>";
		};
		6494BD471B3343FC00C331EE /* Products */ = {
			isa = PBXGroup;
			children = (
				6494BD461B3343FC00C331EE /* MZFormSheetPresentationController Swift Example.app */,
			);
			name = Products;
			sourceTree = "<group>";
		};
		6494BD481B3343FC00C331EE /* MZFormSheetPresentationController Swift Example */ = {
			isa = PBXGroup;
			children = (
				6494BD6B1B33443E00C331EE /* Source Code */,
				6494BD4B1B3343FC00C331EE /* AppDelegate.swift */,
				6494BD4D1B3343FC00C331EE /* ViewController.swift */,
				6494BD4F1B3343FC00C331EE /* Main.storyboard */,
				6494BD521B3343FC00C331EE /* Images.xcassets */,
				6494BD541B3343FC00C331EE /* LaunchScreen.xib */,
				6494BD491B3343FC00C331EE /* Supporting Files */,
				6494BD7C1B3344AA00C331EE /* PresentedTableViewController.swift */,
				6494BD7E1B3344BC00C331EE /* CustomTransition.swift */,
				640560981B389F4300CE2950 /* TransparentViewController.swift */,
			);
			path = "MZFormSheetPresentationController Swift Example";
			sourceTree = "<group>";
		};
		6494BD491B3343FC00C331EE /* Supporting Files */ = {
			isa = PBXGroup;
			children = (
				6494BD4A1B3343FC00C331EE /* Info.plist */,
			);
			name = "Supporting Files";
			sourceTree = "<group>";
		};
		6494BD5E1B3343FC00C331EE /* MZFormSheetPresentationController Swift ExampleTests */ = {
			isa = PBXGroup;
			children = (
				6494BD611B3343FC00C331EE /* MZFormSheetPresentationController_Swift_ExampleTests.swift */,
				6494BD5F1B3343FC00C331EE /* Supporting Files */,
			);
			path = "MZFormSheetPresentationController Swift ExampleTests";
			sourceTree = "<group>";
		};
		6494BD5F1B3343FC00C331EE /* Supporting Files */ = {
			isa = PBXGroup;
			children = (
				6494BD601B3343FC00C331EE /* Info.plist */,
			);
			name = "Supporting Files";
			sourceTree = "<group>";
		};
		6494BD6B1B33443E00C331EE /* Source Code */ = {
			isa = PBXGroup;
			children = (
				7CE4D041234BAC6A00121B5F /* MZFormSheetPresentationController-Bridging-Header.h */,
				64717C3A1BD3B7C2005CBA5A /* MZBlurEffectAdapter.h */,
				64717C3B1BD3B7C2005CBA5A /* MZBlurEffectAdapter.m */,
				64717C3D1BD3B7C2005CBA5A /* MZFormSheetPresentationController.h */,
				64717C3E1BD3B7C2005CBA5A /* MZFormSheetPresentationController.m */,
				64717C3F1BD3B7C2005CBA5A /* MZFormSheetPresentationViewController.h */,
				64717C401BD3B7C2005CBA5A /* MZFormSheetPresentationViewController.m */,
				64717C411BD3B7C2005CBA5A /* MZFormSheetPresentationViewControllerAnimatedTransitioning.h */,
				64717C421BD3B7C2005CBA5A /* MZFormSheetPresentationViewControllerAnimator.h */,
				64717C431BD3B7C2005CBA5A /* MZFormSheetPresentationViewControllerAnimator.m */,
				64717C441BD3B7C2005CBA5A /* MZFormSheetPresentationViewControllerInteractiveAnimator.h */,
				64717C451BD3B7C2005CBA5A /* MZFormSheetPresentationViewControllerInteractiveAnimator.m */,
				64717C461BD3B7C2005CBA5A /* MZFormSheetPresentationViewControllerInteractiveTransitioning.h */,
				64717C471BD3B7C2005CBA5A /* MZFormSheetPresentationViewControllerSegue.h */,
				64717C481BD3B7C2005CBA5A /* MZFormSheetPresentationViewControllerSegue.m */,
				64717C491BD3B7C2005CBA5A /* MZTransition.h */,
				64717C4A1BD3B7C2005CBA5A /* MZTransition.m */,
				64717C4B1BD3B7C2005CBA5A /* UIViewController+TargetViewController.h */,
				64717C4C1BD3B7C2005CBA5A /* UIViewController+TargetViewController.m */,
			);
			name = "Source Code";
			path = ../../../MZFormSheetPresentationController;
			sourceTree = "<group>";
		};
		A9434A5ACA7FAB7FDCFBFB4A /* Frameworks */ = {
			isa = PBXGroup;
			children = (
				F6981EFFBC4A3D8854472104 /* Pods.framework */,
			);
			name = Frameworks;
			sourceTree = "<group>";
		};
		CDFD95A2EED990290215E8AA /* Pods */ = {
			isa = PBXGroup;
			children = (
				5E5F8D9FE03CE5560E3C5462 /* Pods.debug.xcconfig */,
				92BC176FBB0849533237A49D /* Pods.release.xcconfig */,
			);
			name = Pods;
			sourceTree = "<group>";
		};
/* End PBXGroup section */

/* Begin PBXNativeTarget section */
		6494BD451B3343FC00C331EE /* MZFormSheetPresentationController Swift Example */ = {
			isa = PBXNativeTarget;
			buildConfigurationList = 6494BD651B3343FC00C331EE /* Build configuration list for PBXNativeTarget "MZFormSheetPresentationController Swift Example" */;
			buildPhases = (
				86A349FBC8C297B83F383178 /* Check Pods Manifest.lock */,
				6494BD421B3343FC00C331EE /* Sources */,
				6494BD431B3343FC00C331EE /* Frameworks */,
				6494BD441B3343FC00C331EE /* Resources */,
				DB4C3FF9A33F898F3AD9EAF1 /* Embed Pods Frameworks */,
				E81F6B871D0D3C93DBA803F3 /* Copy Pods Resources */,
			);
			buildRules = (
			);
			dependencies = (
			);
			name = "MZFormSheetPresentationController Swift Example";
			productName = "MZFormSheetPresentationController Swift Example";
			productReference = 6494BD461B3343FC00C331EE /* MZFormSheetPresentationController Swift Example.app */;
			productType = "com.apple.product-type.application";
		};
/* End PBXNativeTarget section */

/* Begin PBXProject section */
		6494BD3E1B3343FC00C331EE /* Project object */ = {
			isa = PBXProject;
			attributes = {
				LastSwiftMigration = 0700;
				LastSwiftUpdateCheck = 0700;
				LastUpgradeCheck = 1100;
				ORGANIZATIONNAME = "Michal Zaborowski";
				TargetAttributes = {
					6494BD451B3343FC00C331EE = {
						CreatedOnToolsVersion = 6.3.2;
					};
				};
			};
			buildConfigurationList = 6494BD411B3343FC00C331EE /* Build configuration list for PBXProject "MZFormSheetPresentationController Swift Example" */;
			compatibilityVersion = "Xcode 3.2";
			developmentRegion = en;
			hasScannedForEncodings = 0;
			knownRegions = (
				en,
				Base,
			);
			mainGroup = 6494BD3D1B3343FC00C331EE;
			productRefGroup = 6494BD471B3343FC00C331EE /* Products */;
			projectDirPath = "";
			projectRoot = "";
			targets = (
				6494BD451B3343FC00C331EE /* MZFormSheetPresentationController Swift Example */,
			);
		};
/* End PBXProject section */

/* Begin PBXResourcesBuildPhase section */
		6494BD441B3343FC00C331EE /* Resources */ = {
			isa = PBXResourcesBuildPhase;
			buildActionMask = 2147483647;
			files = (
				6494BD511B3343FC00C331EE /* Main.storyboard in Resources */,
				6494BD561B3343FC00C331EE /* LaunchScreen.xib in Resources */,
				6494BD531B3343FC00C331EE /* Images.xcassets in Resources */,
			);
			runOnlyForDeploymentPostprocessing = 0;
		};
/* End PBXResourcesBuildPhase section */

/* Begin PBXShellScriptBuildPhase section */
		86A349FBC8C297B83F383178 /* Check Pods Manifest.lock */ = {
			isa = PBXShellScriptBuildPhase;
			buildActionMask = 2147483647;
			files = (
			);
			inputPaths = (
			);
			name = "Check Pods Manifest.lock";
			outputPaths = (
			);
			runOnlyForDeploymentPostprocessing = 0;
			shellPath = /bin/sh;
			shellScript = "diff \"${PODS_ROOT}/../Podfile.lock\" \"${PODS_ROOT}/Manifest.lock\" > /dev/null\nif [[ $? != 0 ]] ; then\n    cat << EOM\nerror: The sandbox is not in sync with the Podfile.lock. Run 'pod install' or update your CocoaPods installation.\nEOM\n    exit 1\nfi\n";
			showEnvVarsInLog = 0;
		};
		DB4C3FF9A33F898F3AD9EAF1 /* Embed Pods Frameworks */ = {
			isa = PBXShellScriptBuildPhase;
			buildActionMask = 2147483647;
			files = (
			);
			inputPaths = (
			);
			name = "Embed Pods Frameworks";
			outputPaths = (
			);
			runOnlyForDeploymentPostprocessing = 0;
			shellPath = /bin/sh;
			shellScript = "\"${SRCROOT}/Pods/Target Support Files/Pods/Pods-frameworks.sh\"\n";
			showEnvVarsInLog = 0;
		};
		E81F6B871D0D3C93DBA803F3 /* Copy Pods Resources */ = {
			isa = PBXShellScriptBuildPhase;
			buildActionMask = 2147483647;
			files = (
			);
			inputPaths = (
			);
			name = "Copy Pods Resources";
			outputPaths = (
			);
			runOnlyForDeploymentPostprocessing = 0;
			shellPath = /bin/sh;
			shellScript = "\"${SRCROOT}/Pods/Target Support Files/Pods/Pods-resources.sh\"\n";
			showEnvVarsInLog = 0;
		};
/* End PBXShellScriptBuildPhase section */

/* Begin PBXSourcesBuildPhase section */
		6494BD421B3343FC00C331EE /* Sources */ = {
			isa = PBXSourcesBuildPhase;
			buildActionMask = 2147483647;
			files = (
				64717C4D1BD3B7C2005CBA5A /* MZBlurEffectAdapter.m in Sources */,
				64717C4F1BD3B7C2005CBA5A /* MZFormSheetPresentationViewController.m in Sources */,
				640560991B389F4300CE2950 /* TransparentViewController.swift in Sources */,
				64717C511BD3B7C2005CBA5A /* MZFormSheetPresentationViewControllerInteractiveAnimator.m in Sources */,
				64717C501BD3B7C2005CBA5A /* MZFormSheetPresentationViewControllerAnimator.m in Sources */,
				64717C4E1BD3B7C2005CBA5A /* MZFormSheetPresentationController.m in Sources */,
				64717C541BD3B7C2005CBA5A /* UIViewController+TargetViewController.m in Sources */,
				6494BD4E1B3343FC00C331EE /* ViewController.swift in Sources */,
				64717C531BD3B7C2005CBA5A /* MZTransition.m in Sources */,
				6494BD7F1B3344BC00C331EE /* CustomTransition.swift in Sources */,
				6494BD4C1B3343FC00C331EE /* AppDelegate.swift in Sources */,
				6494BD7D1B3344AA00C331EE /* PresentedTableViewController.swift in Sources */,
				64717C521BD3B7C2005CBA5A /* MZFormSheetPresentationViewControllerSegue.m in Sources */,
			);
			runOnlyForDeploymentPostprocessing = 0;
		};
/* End PBXSourcesBuildPhase section */

/* Begin PBXVariantGroup section */
		6494BD4F1B3343FC00C331EE /* Main.storyboard */ = {
			isa = PBXVariantGroup;
			children = (
				6494BD501B3343FC00C331EE /* Base */,
			);
			name = Main.storyboard;
			sourceTree = "<group>";
		};
		6494BD541B3343FC00C331EE /* LaunchScreen.xib */ = {
			isa = PBXVariantGroup;
			children = (
				6494BD551B3343FC00C331EE /* Base */,
			);
			name = LaunchScreen.xib;
			sourceTree = "<group>";
		};
/* End PBXVariantGroup section */

/* Begin XCBuildConfiguration section */
		6494BD631B3343FC00C331EE /* Debug */ = {
			isa = XCBuildConfiguration;
			buildSettings = {
				ALWAYS_SEARCH_USER_PATHS = NO;
				CLANG_ANALYZER_LOCALIZABILITY_NONLOCALIZED = YES;
				CLANG_CXX_LANGUAGE_STANDARD = "gnu++0x";
				CLANG_CXX_LIBRARY = "libc++";
				CLANG_ENABLE_MODULES = YES;
				CLANG_ENABLE_OBJC_ARC = YES;
				CLANG_WARN_BLOCK_CAPTURE_AUTORELEASING = YES;
				CLANG_WARN_BOOL_CONVERSION = YES;
				CLANG_WARN_COMMA = YES;
				CLANG_WARN_CONSTANT_CONVERSION = YES;
				CLANG_WARN_DEPRECATED_OBJC_IMPLEMENTATIONS = YES;
				CLANG_WARN_DIRECT_OBJC_ISA_USAGE = YES_ERROR;
				CLANG_WARN_EMPTY_BODY = YES;
				CLANG_WARN_ENUM_CONVERSION = YES;
				CLANG_WARN_INFINITE_RECURSION = YES;
				CLANG_WARN_INT_CONVERSION = YES;
				CLANG_WARN_NON_LITERAL_NULL_CONVERSION = YES;
				CLANG_WARN_OBJC_IMPLICIT_RETAIN_SELF = YES;
				CLANG_WARN_OBJC_LITERAL_CONVERSION = YES;
				CLANG_WARN_OBJC_ROOT_CLASS = YES_ERROR;
				CLANG_WARN_RANGE_LOOP_ANALYSIS = YES;
				CLANG_WARN_STRICT_PROTOTYPES = YES;
				CLANG_WARN_SUSPICIOUS_MOVE = YES;
				CLANG_WARN_UNREACHABLE_CODE = YES;
				CLANG_WARN__DUPLICATE_METHOD_MATCH = YES;
				CODE_SIGN_IDENTITY = "iPhone Developer";
				"CODE_SIGN_IDENTITY[sdk=iphoneos*]" = "iPhone Developer";
				COPY_PHASE_STRIP = NO;
				DEBUG_INFORMATION_FORMAT = "dwarf-with-dsym";
				ENABLE_STRICT_OBJC_MSGSEND = YES;
				ENABLE_TESTABILITY = YES;
				GCC_C_LANGUAGE_STANDARD = gnu99;
				GCC_DYNAMIC_NO_PIC = NO;
				GCC_NO_COMMON_BLOCKS = YES;
				GCC_OPTIMIZATION_LEVEL = 0;
				GCC_PREPROCESSOR_DEFINITIONS = (
					"DEBUG=1",
					"$(inherited)",
				);
				GCC_SYMBOLS_PRIVATE_EXTERN = NO;
				GCC_WARN_64_TO_32_BIT_CONVERSION = YES;
				GCC_WARN_ABOUT_RETURN_TYPE = YES_ERROR;
				GCC_WARN_UNDECLARED_SELECTOR = YES;
				GCC_WARN_UNINITIALIZED_AUTOS = YES_AGGRESSIVE;
				GCC_WARN_UNUSED_FUNCTION = YES;
				GCC_WARN_UNUSED_VARIABLE = YES;
				IPHONEOS_DEPLOYMENT_TARGET = 8.3;
				MTL_ENABLE_DEBUG_INFO = YES;
				ONLY_ACTIVE_ARCH = YES;
				SDKROOT = iphoneos;
				SWIFT_OPTIMIZATION_LEVEL = "-Onone";
				SWIFT_VERSION = 5.0;
				TARGETED_DEVICE_FAMILY = "1,2";
			};
			name = Debug;
		};
		6494BD641B3343FC00C331EE /* Release */ = {
			isa = XCBuildConfiguration;
			buildSettings = {
				ALWAYS_SEARCH_USER_PATHS = NO;
				CLANG_ANALYZER_LOCALIZABILITY_NONLOCALIZED = YES;
				CLANG_CXX_LANGUAGE_STANDARD = "gnu++0x";
				CLANG_CXX_LIBRARY = "libc++";
				CLANG_ENABLE_MODULES = YES;
				CLANG_ENABLE_OBJC_ARC = YES;
				CLANG_WARN_BLOCK_CAPTURE_AUTORELEASING = YES;
				CLANG_WARN_BOOL_CONVERSION = YES;
				CLANG_WARN_COMMA = YES;
				CLANG_WARN_CONSTANT_CONVERSION = YES;
				CLANG_WARN_DEPRECATED_OBJC_IMPLEMENTATIONS = YES;
				CLANG_WARN_DIRECT_OBJC_ISA_USAGE = YES_ERROR;
				CLANG_WARN_EMPTY_BODY = YES;
				CLANG_WARN_ENUM_CONVERSION = YES;
				CLANG_WARN_INFINITE_RECURSION = YES;
				CLANG_WARN_INT_CONVERSION = YES;
				CLANG_WARN_NON_LITERAL_NULL_CONVERSION = YES;
				CLANG_WARN_OBJC_IMPLICIT_RETAIN_SELF = YES;
				CLANG_WARN_OBJC_LITERAL_CONVERSION = YES;
				CLANG_WARN_OBJC_ROOT_CLASS = YES_ERROR;
				CLANG_WARN_RANGE_LOOP_ANALYSIS = YES;
				CLANG_WARN_STRICT_PROTOTYPES = YES;
				CLANG_WARN_SUSPICIOUS_MOVE = YES;
				CLANG_WARN_UNREACHABLE_CODE = YES;
				CLANG_WARN__DUPLICATE_METHOD_MATCH = YES;
				CODE_SIGN_IDENTITY = "iPhone Distribution";
				"CODE_SIGN_IDENTITY[sdk=iphoneos*]" = "iPhone Developer";
				COPY_PHASE_STRIP = NO;
				DEBUG_INFORMATION_FORMAT = "dwarf-with-dsym";
				ENABLE_NS_ASSERTIONS = NO;
				ENABLE_STRICT_OBJC_MSGSEND = YES;
				GCC_C_LANGUAGE_STANDARD = gnu99;
				GCC_NO_COMMON_BLOCKS = YES;
				GCC_WARN_64_TO_32_BIT_CONVERSION = YES;
				GCC_WARN_ABOUT_RETURN_TYPE = YES_ERROR;
				GCC_WARN_UNDECLARED_SELECTOR = YES;
				GCC_WARN_UNINITIALIZED_AUTOS = YES_AGGRESSIVE;
				GCC_WARN_UNUSED_FUNCTION = YES;
				GCC_WARN_UNUSED_VARIABLE = YES;
				IPHONEOS_DEPLOYMENT_TARGET = 8.3;
				MTL_ENABLE_DEBUG_INFO = NO;
				SDKROOT = iphoneos;
				SWIFT_COMPILATION_MODE = wholemodule;
				SWIFT_VERSION = 5.0;
				TARGETED_DEVICE_FAMILY = "1,2";
				VALIDATE_PRODUCT = YES;
			};
			name = Release;
		};
		6494BD661B3343FC00C331EE /* Debug */ = {
			isa = XCBuildConfiguration;
			baseConfigurationReference = 5E5F8D9FE03CE5560E3C5462 /* Pods.debug.xcconfig */;
			buildSettings = {
				ASSETCATALOG_COMPILER_APPICON_NAME = AppIcon;
				CLANG_ENABLE_MODULES = YES;
				CODE_SIGN_IDENTITY = "iPhone Developer";
				INFOPLIST_FILE = "MZFormSheetPresentationController Swift Example/Info.plist";
				LD_RUNPATH_SEARCH_PATHS = "$(inherited) @executable_path/Frameworks";
				PRODUCT_BUNDLE_IDENTIFIER = "me.zaborowski.$(PRODUCT_NAME:rfc1034identifier)";
				PRODUCT_NAME = "$(TARGET_NAME)";
				SWIFT_OBJC_BRIDGING_HEADER = "../../MZFormSheetPresentationController/MZFormSheetPresentationController-Bridging-Header.h";
				SWIFT_OPTIMIZATION_LEVEL = "-Onone";
				SWIFT_VERSION = 5.0;
			};
			name = Debug;
		};
		6494BD671B3343FC00C331EE /* Release */ = {
			isa = XCBuildConfiguration;
			baseConfigurationReference = 92BC176FBB0849533237A49D /* Pods.release.xcconfig */;
			buildSettings = {
				ASSETCATALOG_COMPILER_APPICON_NAME = AppIcon;
				CLANG_ENABLE_MODULES = YES;
				CODE_SIGN_IDENTITY = "iPhone Distribution";
				INFOPLIST_FILE = "MZFormSheetPresentationController Swift Example/Info.plist";
				LD_RUNPATH_SEARCH_PATHS = "$(inherited) @executable_path/Frameworks";
				PRODUCT_BUNDLE_IDENTIFIER = "me.zaborowski.$(PRODUCT_NAME:rfc1034identifier)";
				PRODUCT_NAME = "$(TARGET_NAME)";
				SWIFT_OBJC_BRIDGING_HEADER = "../../MZFormSheetPresentationController/MZFormSheetPresentationController-Bridging-Header.h";
				SWIFT_VERSION = 5.0;
			};
			name = Release;
		};
/* End XCBuildConfiguration section */

/* Begin XCConfigurationList section */
		6494BD411B3343FC00C331EE /* Build configuration list for PBXProject "MZFormSheetPresentationController Swift Example" */ = {
			isa = XCConfigurationList;
			buildConfigurations = (
				6494BD631B3343FC00C331EE /* Debug */,
				6494BD641B3343FC00C331EE /* Release */,
			);
			defaultConfigurationIsVisible = 0;
			defaultConfigurationName = Release;
		};
		6494BD651B3343FC00C331EE /* Build configuration list for PBXNativeTarget "MZFormSheetPresentationController Swift Example" */ = {
			isa = XCConfigurationList;
			buildConfigurations = (
				6494BD661B3343FC00C331EE /* Debug */,
				6494BD671B3343FC00C331EE /* Release */,
			);
			defaultConfigurationIsVisible = 0;
			defaultConfigurationName = Release;
		};
/* End XCConfigurationList section */
	};
	rootObject = 6494BD3E1B3343FC00C331EE /* Project object */;
}
